
Microsoft Visual Studio Solution File, Format Version 12.00
# Visual Studio Version 17
VisualStudioVersion = 17.8.34408.163
MinimumVisualStudioVersion = 10.0.40219.1
Project("{9A19103F-16F7-4668-BE54-9A1E7A4F7556}") = "Blog.WebAPI", "Blog.WebAPI\Blog.WebAPI.csproj", "{351B6B52-84D4-4CFC-ADE9-F8B62AC4EC42}"
EndProject
Project("{9A19103F-16F7-4668-BE54-9A1E7A4F7556}") = "Blog.Model", "Blog.Model\Blog.Model.csproj", "{8F310F25-D9C6-48E6-9172-62C9CFAC6684}"
EndProject
Project("{9A19103F-16F7-4668-BE54-9A1E7A4F7556}") = "Blog.Common", "Blog.Common\Blog.Common.csproj", "{5930934D-9416-4C24-8E10-EE5CF316DD08}"
EndProject
Project("{9A19103F-16F7-4668-BE54-9A1E7A4F7556}") = "Blog.Repository", "Blog.Repository\Blog.Repository.csproj", "{5CC34FE8-D984-404E-B315-176F512D8D00}"
EndProject
Project("{9A19103F-16F7-4668-BE54-9A1E7A4F7556}") = "Blog.Service", "Blog.Service\Blog.Service.csproj", "{928978A7-4502-4A06-B169-B8BFD79FE59D}"
EndProject
Project("{9A19103F-16F7-4668-BE54-9A1E7A4F7556}") = "Blog.IService", "Blog.IService\Blog.IService.csproj", "{CD42144C-69C2-4958-960D-3E426EBAAE82}"
EndProject
Project("{9A19103F-16F7-4668-BE54-9A1E7A4F7556}") = "Blog.Extension", "Blog.Extension\Blog.Extension.csproj", "{B3D64F6D-67EA-46DE-8B05-502F735BB271}"
EndProject
Global
	GlobalSection(SolutionConfigurationPlatforms) = preSolution
		Debug|Any CPU = Debug|Any CPU
		Release|Any CPU = Release|Any CPU
	EndGlobalSection
	GlobalSection(ProjectConfigurationPlatforms) = postSolution
		{351B6B52-84D4-4CFC-ADE9-F8B62AC4EC42}.Debug|Any CPU.ActiveCfg = Debug|Any CPU
		{351B6B52-84D4-4CFC-ADE9-F8B62AC4EC42}.Debug|Any CPU.Build.0 = Debug|Any CPU
		{351B6B52-84D4-4CFC-ADE9-F8B62AC4EC42}.Release|Any CPU.ActiveCfg = Release|Any CPU
		{351B6B52-84D4-4CFC-ADE9-F8B62AC4EC42}.Release|Any CPU.Build.0 = Release|Any CPU
		{8F310F25-D9C6-48E6-9172-62C9CFAC6684}.Debug|Any CPU.ActiveCfg = Debug|Any CPU
		{8F310F25-D9C6-48E6-9172-62C9CFAC6684}.Debug|Any CPU.Build.0 = Debug|Any CPU
		{8F310F25-D9C6-48E6-9172-62C9CFAC6684}.Release|Any CPU.ActiveCfg = Release|Any CPU
		{8F310F25-D9C6-48E6-9172-62C9CFAC6684}.Release|Any CPU.Build.0 = Release|Any CPU
		{5930934D-9416-4C24-8E10-EE5CF316DD08}.Debug|Any CPU.ActiveCfg = Debug|Any CPU
		{5930934D-9416-4C24-8E10-EE5CF316DD08}.Debug|Any CPU.Build.0 = Debug|Any CPU
		{5930934D-9416-4C24-8E10-EE5CF316DD08}.Release|Any CPU.ActiveCfg = Release|Any CPU
		{5930934D-9416-4C24-8E10-EE5CF316DD08}.Release|Any CPU.Build.0 = Release|Any CPU
		{5CC34FE8-D984-404E-B315-176F512D8D00}.Debug|Any CPU.ActiveCfg = Debug|Any CPU
		{5CC34FE8-D984-404E-B315-176F512D8D00}.Debug|Any CPU.Build.0 = Debug|Any CPU
		{5CC34FE8-D984-404E-B315-176F512D8D00}.Release|Any CPU.ActiveCfg = Release|Any CPU
		{5CC34FE8-D984-404E-B315-176F512D8D00}.Release|Any CPU.Build.0 = Release|Any CPU
		{928978A7-4502-4A06-B169-B8BFD79FE59D}.Debug|Any CPU.ActiveCfg = Debug|Any CPU
		{928978A7-4502-4A06-B169-B8BFD79FE59D}.Debug|Any CPU.Build.0 = Debug|Any CPU
		{928978A7-4502-4A06-B169-B8BFD79FE59D}.Release|Any CPU.ActiveCfg = Release|Any CPU
		{928978A7-4502-4A06-B169-B8BFD79FE59D}.Release|Any CPU.Build.0 = Release|Any CPU
		{CD42144C-69C2-4958-960D-3E426EBAAE82}.Debug|Any CPU.ActiveCfg = Debug|Any CPU
		{CD42144C-69C2-4958-960D-3E426EBAAE82}.Debug|Any CPU.Build.0 = Debug|Any CPU
		{CD42144C-69C2-4958-960D-3E426EBAAE82}.Release|Any CPU.ActiveCfg = Release|Any CPU
		{CD42144C-69C2-4958-960D-3E426EBAAE82}.Release|Any CPU.Build.0 = Release|Any CPU
		{B3D64F6D-67EA-46DE-8B05-502F735BB271}.Debug|Any CPU.ActiveCfg = Debug|Any CPU
		{B3D64F6D-67EA-46DE-8B05-502F735BB271}.Debug|Any CPU.Build.0 = Debug|Any CPU
		{B3D64F6D-67EA-46DE-8B05-502F735BB271}.Release|Any CPU.ActiveCfg = Release|Any CPU
		{B3D64F6D-67EA-46DE-8B05-502F735BB271}.Release|Any CPU.Build.0 = Release|Any CPU
	EndGlobalSection
	GlobalSection(SolutionProperties) = preSolution
		HideSolutionNode = FALSE
	EndGlobalSection
	GlobalSection(ExtensibilityGlobals) = postSolution
		SolutionGuid = {84A8C2FA-BDDE-47E8-9780-DF579B755EB6}
	EndGlobalSection
EndGlobal
